
Microsoft Visual Studio Solution File, Format Version 12.00
# Visual Studio Version 17
VisualStudioVersion = 17.0.31903.59
MinimumVisualStudioVersion = 10.0.40219.1
Project("{FAE04EC0-301F-11D3-BF4B-00C04F79EFBC}") = "KademliaSharp.Core", "KademliaSharp.Core\KademliaSharp.Core.csproj", "{55F345EB-B38D-4C33-9B24-1263322364E7}"
EndProject
Project("{FAE04EC0-301F-11D3-BF4B-00C04F79EFBC}") = "KademliaSharp.Tests", "KademliaSharp.Tests\KademliaSharp.Tests.csproj", "{CEC24CE4-DA78-4B80-B54A-B2F9E1A92339}"
EndProject
Global
	GlobalSection(SolutionConfigurationPlatforms) = preSolution
		Debug|Any CPU = Debug|Any CPU
		Release|Any CPU = Release|Any CPU
	EndGlobalSection
	GlobalSection(SolutionProperties) = preSolution
		HideSolutionNode = FALSE
	EndGlobalSection
	GlobalSection(ProjectConfigurationPlatforms) = postSolution
		{55F345EB-B38D-4C33-9B24-1263322364E7}.Debug|Any CPU.ActiveCfg = Debug|Any CPU
		{55F345EB-B38D-4C33-9B24-1263322364E7}.Debug|Any CPU.Build.0 = Debug|Any CPU
		{55F345EB-B38D-4C33-9B24-1263322364E7}.Release|Any CPU.ActiveCfg = Release|Any CPU
		{55F345EB-B38D-4C33-9B24-1263322364E7}.Release|Any CPU.Build.0 = Release|Any CPU
		{CEC24CE4-DA78-4B80-B54A-B2F9E1A92339}.Debug|Any CPU.ActiveCfg = Debug|Any CPU
		{CEC24CE4-DA78-4B80-B54A-B2F9E1A92339}.Debug|Any CPU.Build.0 = Debug|Any CPU
		{CEC24CE4-DA78-4B80-B54A-B2F9E1A92339}.Release|Any CPU.ActiveCfg = Release|Any CPU
		{CEC24CE4-DA78-4B80-B54A-B2F9E1A92339}.Release|Any CPU.Build.0 = Release|Any CPU
	EndGlobalSection
EndGlobal
